PODS:
  - boost (1.76.0)
  - DoubleConversion (1.1.6)
  - FBLazyVector (0.72.4)
  - FBReactNativeSpec (0.72.4):
    - RCT-Folly (= 2021.07.22.00)
    - RCTRequired (= 0.72.4)
    - RCTTypeSafety (= 0.72.4)
    - React-Core (= 0.72.4)
    - React-jsi (= 0.72.4)
    - ReactCommon/turbomodule/core (= 0.72.4)
  - Firebase/CoreOnly (10.7.0):
    - FirebaseCore (= 10.7.0)
  - Firebase/Messaging (10.7.0):
    - Firebase/CoreOnly
    - FirebaseMessaging (~> 10.7.0)
  - FirebaseCore (10.7.0):
    - FirebaseCoreInternal (~> 10.0)
    - GoogleUtilities/Environment (~> 7.8)
    - GoogleUtilities/Logger (~> 7.8)
  - FirebaseCoreExtension (10.7.0):
    - FirebaseCore (~> 10.0)
  - FirebaseCoreInternal (10.12.0):
    - "GoogleUtilities/NSData+zlib (~> 7.8)"
  - FirebaseInstallations (10.12.0):
    - FirebaseCore (~> 10.0)
    - GoogleUtilities/Environment (~> 7.8)
    - GoogleUtilities/UserDefaults (~> 7.8)
    - PromisesObjC (~> 2.1)
  - FirebaseMessaging (10.7.0):
    - FirebaseCore (~> 10.0)
    - FirebaseInstallations (~> 10.0)
    - GoogleDataTransport (~> 9.2)
    - GoogleUtilities/AppDelegateSwizzler (~> 7.8)
    - GoogleUtilities/Environment (~> 7.8)
    - GoogleUtilities/Reachability (~> 7.8)
    - GoogleUtilities/UserDefaults (~> 7.8)
    - nanopb (< 2.30910.0, >= 2.30908.0)
  - fmt (6.2.1)
  - glog (0.3.5)
  - GoogleDataTransport (9.2.3):
    - GoogleUtilities/Environment (~> 7.7)
    - nanopb (< 2.30910.0, >= 2.30908.0)
    - PromisesObjC (< 3.0, >= 1.2)
  - GoogleUtilities/AppDelegateSwizzler (7.11.4):
    - GoogleUtilities/Environment
    - GoogleUtilities/Logger
    - GoogleUtilities/Network
  - GoogleUtilities/Environment (7.11.4):
    - PromisesObjC (< 3.0, >= 1.2)
  - GoogleUtilities/Logger (7.11.4):
    - GoogleUtilities/Environment
  - GoogleUtilities/Network (7.11.4):
    - GoogleUtilities/Logger
    - "GoogleUtilities/NSData+zlib"
    - GoogleUtilities/Reachability
  - "GoogleUtilities/NSData+zlib (7.11.4)"
  - GoogleUtilities/Reachability (7.11.4):
    - GoogleUtilities/Logger
  - GoogleUtilities/UserDefaults (7.11.4):
    - GoogleUtilities/Logger
  - hermes-engine (0.72.4):
    - hermes-engine/Pre-built (= 0.72.4)
  - hermes-engine/Pre-built (0.72.4)
  - libevent (2.1.12)
  - nanopb (2.30909.0):
    - nanopb/decode (= 2.30909.0)
    - nanopb/encode (= 2.30909.0)
  - nanopb/decode (2.30909.0)
  - nanopb/encode (2.30909.0)
  - PromisesObjC (2.3.1)
  - RCT-Folly (2021.07.22.00):
    - boost
    - DoubleConversion
    - fmt (~> 6.2.1)
    - glog
    - RCT-Folly/Default (= 2021.07.22.00)
  - RCT-Folly/Default (2021.07.22.00):
    - boost
    - DoubleConversion
    - fmt (~> 6.2.1)
    - glog
  - RCT-Folly/Futures (2021.07.22.00):
    - boost
    - DoubleConversion
    - fmt (~> 6.2.1)
    - glog
    - libevent
  - RCTRequired (0.72.4)
  - RCTTypeSafety (0.72.4):
    - FBLazyVector (= 0.72.4)
    - RCTRequired (= 0.72.4)
    - React-Core (= 0.72.4)
  - React (0.72.4):
    - React-Core (= 0.72.4)
    - React-Core/DevSupport (= 0.72.4)
    - React-Core/RCTWebSocket (= 0.72.4)
    - React-RCTActionSheet (= 0.72.4)
    - React-RCTAnimation (= 0.72.4)
    - React-RCTBlob (= 0.72.4)
    - React-RCTImage (= 0.72.4)
    - React-RCTLinking (= 0.72.4)
    - React-RCTNetwork (= 0.72.4)
    - React-RCTSettings (= 0.72.4)
    - React-RCTText (= 0.72.4)
    - React-RCTVibration (= 0.72.4)
  - React-callinvoker (0.72.4)
  - React-Codegen (0.72.4):
    - DoubleConversion
    - FBReactNativeSpec
    - glog
    - hermes-engine
    - RCT-Folly
    - RCTRequired
    - RCTTypeSafety
    - React-Core
    - React-jsi
    - React-jsiexecutor
    - React-NativeModulesApple
    - React-rncore
    - ReactCommon/turbomodule/bridging
    - ReactCommon/turbomodule/core
  - React-Core (0.72.4):
    - glog
    - hermes-engine
    - RCT-Folly (= 2021.07.22.00)
    - React-Core/Default (= 0.72.4)
    - React-cxxreact
    - React-hermes
    - React-jsi
    - React-jsiexecutor
    - React-perflogger
    - React-runtimeexecutor
    - React-utils
    - SocketRocket (= 0.6.1)
    - Yoga
  - React-Core/CoreModulesHeaders (0.72.4):
    - glog
    - hermes-engine
    - RCT-Folly (= 2021.07.22.00)
    - React-Core/Default
    - React-cxxreact
    - React-hermes
    - React-jsi
    - React-jsiexecutor
    - React-perflogger
    - React-runtimeexecutor
    - React-utils
    - SocketRocket (= 0.6.1)
    - Yoga
  - React-Core/Default (0.72.4):
    - glog
    - hermes-engine
    - RCT-Folly (= 2021.07.22.00)
    - React-cxxreact
    - React-hermes
    - React-jsi
    - React-jsiexecutor
    - React-perflogger
    - React-runtimeexecutor
    - React-utils
    - SocketRocket (= 0.6.1)
    - Yoga
  - React-Core/DevSupport (0.72.4):
    - glog
    - hermes-engine
    - RCT-Folly (= 2021.07.22.00)
    - React-Core/Default (= 0.72.4)
    - React-Core/RCTWebSocket (= 0.72.4)
    - React-cxxreact
    - React-hermes
    - React-jsi
    - React-jsiexecutor
    - React-jsinspector (= 0.72.4)
    - React-perflogger
    - React-runtimeexecutor
    - React-utils
    - SocketRocket (= 0.6.1)
    - Yoga
  - React-Core/RCTActionSheetHeaders (0.72.4):
    - glog
    - hermes-engine
    - RCT-Folly (= 2021.07.22.00)
    - React-Core/Default
    - React-cxxreact
    - React-hermes
    - React-jsi
    - React-jsiexecutor
    - React-perflogger
    - React-runtimeexecutor
    - React-utils
    - SocketRocket (= 0.6.1)
    - Yoga
  - React-Core/RCTAnimationHeaders (0.72.4):
    - glog
    - hermes-engine
    - RCT-Folly (= 2021.07.22.00)
    - React-Core/Default
    - React-cxxreact
    - React-hermes
    - React-jsi
    - React-jsiexecutor
    - React-perflogger
    - React-runtimeexecutor
    - React-utils
    - SocketRocket (= 0.6.1)
    - Yoga
  - React-Core/RCTBlobHeaders (0.72.4):
    - glog
    - hermes-engine
    - RCT-Folly (= 2021.07.22.00)
    - React-Core/Default
    - React-cxxreact
    - React-hermes
    - React-jsi
    - React-jsiexecutor
    - React-perflogger
    - React-runtimeexecutor
    - React-utils
    - SocketRocket (= 0.6.1)
    - Yoga
  - React-Core/RCTImageHeaders (0.72.4):
    - glog
    - hermes-engine
    - RCT-Folly (= 2021.07.22.00)
    - React-Core/Default
    - React-cxxreact
    - React-hermes
    - React-jsi
    - React-jsiexecutor
    - React-perflogger
    - React-runtimeexecutor
    - React-utils
    - SocketRocket (= 0.6.1)
    - Yoga
  - React-Core/RCTLinkingHeaders (0.72.4):
    - glog
    - hermes-engine
    - RCT-Folly (= 2021.07.22.00)
    - React-Core/Default
    - React-cxxreact
    - React-hermes
    - React-jsi
    - React-jsiexecutor
    - React-perflogger
    - React-runtimeexecutor
    - React-utils
    - SocketRocket (= 0.6.1)
    - Yoga
  - React-Core/RCTNetworkHeaders (0.72.4):
    - glog
    - hermes-engine
    - RCT-Folly (= 2021.07.22.00)
    - React-Core/Default
    - React-cxxreact
    - React-hermes
    - React-jsi
    - React-jsiexecutor
    - React-perflogger
    - React-runtimeexecutor
    - React-utils
    - SocketRocket (= 0.6.1)
    - Yoga
  - React-Core/RCTSettingsHeaders (0.72.4):
    - glog
    - hermes-engine
    - RCT-Folly (= 2021.07.22.00)
    - React-Core/Default
    - React-cxxreact
    - React-hermes
    - React-jsi
    - React-jsiexecutor
    - React-perflogger
    - React-runtimeexecutor
    - React-utils
    - SocketRocket (= 0.6.1)
    - Yoga
  - React-Core/RCTTextHeaders (0.72.4):
    - glog
    - hermes-engine
    - RCT-Folly (= 2021.07.22.00)
    - React-Core/Default
    - React-cxxreact
    - React-hermes
    - React-jsi
    - React-jsiexecutor
    - React-perflogger
    - React-runtimeexecutor
    - React-utils
    - SocketRocket (= 0.6.1)
    - Yoga
  - React-Core/RCTVibrationHeaders (0.72.4):
    - glog
    - hermes-engine
    - RCT-Folly (= 2021.07.22.00)
    - React-Core/Default
    - React-cxxreact
    - React-hermes
    - React-jsi
    - React-jsiexecutor
    - React-perflogger
    - React-runtimeexecutor
    - React-utils
    - SocketRocket (= 0.6.1)
    - Yoga
  - React-Core/RCTWebSocket (0.72.4):
    - glog
    - hermes-engine
    - RCT-Folly (= 2021.07.22.00)
    - React-Core/Default (= 0.72.4)
    - React-cxxreact
    - React-hermes
    - React-jsi
    - React-jsiexecutor
    - React-perflogger
    - React-runtimeexecutor
    - React-utils
    - SocketRocket (= 0.6.1)
    - Yoga
  - React-CoreModules (0.72.4):
    - RCT-Folly (= 2021.07.22.00)
    - RCTTypeSafety (= 0.72.4)
    - React-Codegen (= 0.72.4)
    - React-Core/CoreModulesHeaders (= 0.72.4)
    - React-jsi (= 0.72.4)
    - React-RCTBlob
    - React-RCTImage (= 0.72.4)
    - ReactCommon/turbomodule/core (= 0.72.4)
    - SocketRocket (= 0.6.1)
  - React-cxxreact (0.72.4):
    - boost (= 1.76.0)
    - DoubleConversion
    - glog
    - hermes-engine
    - RCT-Folly (= 2021.07.22.00)
    - React-callinvoker (= 0.72.4)
    - React-debug (= 0.72.4)
    - React-jsi (= 0.72.4)
    - React-jsinspector (= 0.72.4)
    - React-logger (= 0.72.4)
    - React-perflogger (= 0.72.4)
    - React-runtimeexecutor (= 0.72.4)
  - React-debug (0.72.4)
  - React-hermes (0.72.4):
    - DoubleConversion
    - glog
    - hermes-engine
    - RCT-Folly (= 2021.07.22.00)
    - RCT-Folly/Futures (= 2021.07.22.00)
    - React-cxxreact (= 0.72.4)
    - React-jsi
    - React-jsiexecutor (= 0.72.4)
    - React-jsinspector (= 0.72.4)
    - React-perflogger (= 0.72.4)
  - React-jsi (0.72.4):
    - boost (= 1.76.0)
    - DoubleConversion
    - glog
    - hermes-engine
    - RCT-Folly (= 2021.07.22.00)
  - React-jsiexecutor (0.72.4):
    - DoubleConversion
    - glog
    - hermes-engine
    - RCT-Folly (= 2021.07.22.00)
    - React-cxxreact (= 0.72.4)
    - React-jsi (= 0.72.4)
    - React-perflogger (= 0.72.4)
  - React-jsinspector (0.72.4)
  - React-logger (0.72.4):
    - glog
  - react-native-netinfo (9.3.7):
    - React-Core
  - react-native-safe-area-context (4.5.1):
    - RCT-Folly
    - RCTRequired
    - RCTTypeSafety
    - React-Core
    - ReactCommon/turbomodule/core
  - react-native-slider (4.4.2):
    - React-Core
  - React-NativeModulesApple (0.72.4):
    - hermes-engine
    - React-callinvoker
    - React-Core
    - React-cxxreact
    - React-jsi
    - React-runtimeexecutor
    - ReactCommon/turbomodule/bridging
    - ReactCommon/turbomodule/core
  - React-perflogger (0.72.4)
  - React-RCTActionSheet (0.72.4):
    - React-Core/RCTActionSheetHeaders (= 0.72.4)
  - React-RCTAnimation (0.72.4):
    - RCT-Folly (= 2021.07.22.00)
    - RCTTypeSafety (= 0.72.4)
    - React-Codegen (= 0.72.4)
    - React-Core/RCTAnimationHeaders (= 0.72.4)
    - React-jsi (= 0.72.4)
    - ReactCommon/turbomodule/core (= 0.72.4)
  - React-RCTAppDelegate (0.72.4):
    - RCT-Folly
    - RCTRequired
    - RCTTypeSafety
    - React-Core
    - React-CoreModules
    - React-hermes
    - React-NativeModulesApple
    - React-RCTImage
    - React-RCTNetwork
    - React-runtimescheduler
    - ReactCommon/turbomodule/core
  - React-RCTBlob (0.72.4):
    - hermes-engine
    - RCT-Folly (= 2021.07.22.00)
    - React-Codegen (= 0.72.4)
    - React-Core/RCTBlobHeaders (= 0.72.4)
    - React-Core/RCTWebSocket (= 0.72.4)
    - React-jsi (= 0.72.4)
    - React-RCTNetwork (= 0.72.4)
    - ReactCommon/turbomodule/core (= 0.72.4)
  - React-RCTImage (0.72.4):
    - RCT-Folly (= 2021.07.22.00)
    - RCTTypeSafety (= 0.72.4)
    - React-Codegen (= 0.72.4)
    - React-Core/RCTImageHeaders (= 0.72.4)
    - React-jsi (= 0.72.4)
    - React-RCTNetwork (= 0.72.4)
    - ReactCommon/turbomodule/core (= 0.72.4)
  - React-RCTLinking (0.72.4):
    - React-Codegen (= 0.72.4)
    - React-Core/RCTLinkingHeaders (= 0.72.4)
    - React-jsi (= 0.72.4)
    - ReactCommon/turbomodule/core (= 0.72.4)
  - React-RCTNetwork (0.72.4):
    - RCT-Folly (= 2021.07.22.00)
    - RCTTypeSafety (= 0.72.4)
    - React-Codegen (= 0.72.4)
    - React-Core/RCTNetworkHeaders (= 0.72.4)
    - React-jsi (= 0.72.4)
    - ReactCommon/turbomodule/core (= 0.72.4)
  - React-RCTSettings (0.72.4):
    - RCT-Folly (= 2021.07.22.00)
    - RCTTypeSafety (= 0.72.4)
    - React-Codegen (= 0.72.4)
    - React-Core/RCTSettingsHeaders (= 0.72.4)
    - React-jsi (= 0.72.4)
    - ReactCommon/turbomodule/core (= 0.72.4)
  - React-RCTText (0.72.4):
    - React-Core/RCTTextHeaders (= 0.72.4)
  - React-RCTVibration (0.72.4):
    - RCT-Folly (= 2021.07.22.00)
    - React-Codegen (= 0.72.4)
    - React-Core/RCTVibrationHeaders (= 0.72.4)
    - React-jsi (= 0.72.4)
    - ReactCommon/turbomodule/core (= 0.72.4)
  - React-rncore (0.72.4)
  - React-runtimeexecutor (0.72.4):
    - React-jsi (= 0.72.4)
  - React-runtimescheduler (0.72.4):
    - glog
    - hermes-engine
    - RCT-Folly (= 2021.07.22.00)
    - React-callinvoker
    - React-debug
    - React-jsi
    - React-runtimeexecutor
  - React-utils (0.72.4):
    - glog
    - RCT-Folly (= 2021.07.22.00)
    - React-debug
  - ReactCommon/turbomodule/bridging (0.72.4):
    - DoubleConversion
    - glog
    - hermes-engine
    - RCT-Folly (= 2021.07.22.00)
    - React-callinvoker (= 0.72.4)
    - React-cxxreact (= 0.72.4)
    - React-jsi (= 0.72.4)
    - React-logger (= 0.72.4)
    - React-perflogger (= 0.72.4)
  - ReactCommon/turbomodule/core (0.72.4):
    - DoubleConversion
    - glog
    - hermes-engine
    - RCT-Folly (= 2021.07.22.00)
    - React-callinvoker (= 0.72.4)
    - React-cxxreact (= 0.72.4)
    - React-jsi (= 0.72.4)
    - React-logger (= 0.72.4)
    - React-perflogger (= 0.72.4)
  - ReactNativeExceptionHandler (2.10.10):
    - React-Core
  - RNCAsyncStorage (1.19.3):
    - React-Core
  - RNDateTimePicker (6.7.1):
    - React-Core
  - RNDeviceInfo (10.4.0):
    - React-Core
  - RNFBApp (17.5.0):
    - Firebase/CoreOnly (= 10.7.0)
    - React-Core
  - RNFBMessaging (17.5.0):
    - Firebase/Messaging (= 10.7.0)
    - FirebaseCoreExtension (= 10.7.0)
    - React-Core
    - RNFBApp
  - RNGestureHandler (2.9.0):
    - React-Core
  - RNImageCropPicker (0.38.1):
    - React-Core
    - React-RCTImage
    - RNImageCropPicker/QBImagePickerController (= 0.38.1)
    - TOCropViewController
  - RNImageCropPicker/QBImagePickerController (0.38.1):
    - React-Core
    - React-RCTImage
    - TOCropViewController
  - RNReanimated (3.4.2):
    - DoubleConversion
    - FBLazyVector
    - glog
    - hermes-engine
    - RCT-Folly
    - RCTRequired
    - RCTTypeSafety
    - React-callinvoker
    - React-Core
    - React-Core/DevSupport
    - React-Core/RCTWebSocket
    - React-CoreModules
    - React-cxxreact
    - React-hermes
    - React-jsi
    - React-jsiexecutor
    - React-jsinspector
    - React-RCTActionSheet
    - React-RCTAnimation
    - React-RCTAppDelegate
    - React-RCTBlob
    - React-RCTImage
    - React-RCTLinking
    - React-RCTNetwork
    - React-RCTSettings
    - React-RCTText
    - ReactCommon/turbomodule/core
    - Yoga
  - RNScreens (3.18.2):
    - React-Core
    - React-RCTImage
  - RNSVG (13.8.0):
    - React-Core
  - SocketRocket (0.6.1)
  - TOCropViewController (2.6.1)
  - Yoga (1.14.0)

DEPENDENCIES:
  - boost (from `../node_modules/react-native/third-party-podspecs/boost.podspec`)
  - DoubleConversion (from `../node_modules/react-native/third-party-podspecs/DoubleConversion.podspec`)
  - FBLazyVector (from `../node_modules/react-native/Libraries/FBLazyVector`)
  - FBReactNativeSpec (from `../node_modules/react-native/React/FBReactNativeSpec`)
  - glog (from `../node_modules/react-native/third-party-podspecs/glog.podspec`)
  - hermes-engine (from `../node_modules/react-native/sdks/hermes-engine/hermes-engine.podspec`)
  - libevent (~> 2.1.12)
  - RCT-Folly (from `../node_modules/react-native/third-party-podspecs/RCT-Folly.podspec`)
  - RCTRequired (from `../node_modules/react-native/Libraries/RCTRequired`)
  - RCTTypeSafety (from `../node_modules/react-native/Libraries/TypeSafety`)
  - React (from `../node_modules/react-native/`)
  - React-callinvoker (from `../node_modules/react-native/ReactCommon/callinvoker`)
  - React-Codegen (from `build/generated/ios`)
  - React-Core (from `../node_modules/react-native/`)
  - React-Core/RCTWebSocket (from `../node_modules/react-native/`)
  - React-CoreModules (from `../node_modules/react-native/React/CoreModules`)
  - React-cxxreact (from `../node_modules/react-native/ReactCommon/cxxreact`)
  - React-debug (from `../node_modules/react-native/ReactCommon/react/debug`)
  - React-hermes (from `../node_modules/react-native/ReactCommon/hermes`)
  - React-jsi (from `../node_modules/react-native/ReactCommon/jsi`)
  - React-jsiexecutor (from `../node_modules/react-native/ReactCommon/jsiexecutor`)
  - React-jsinspector (from `../node_modules/react-native/ReactCommon/jsinspector`)
  - React-logger (from `../node_modules/react-native/ReactCommon/logger`)
  - "react-native-netinfo (from `../node_modules/@react-native-community/netinfo`)"
  - react-native-safe-area-context (from `../node_modules/react-native-safe-area-context`)
  - "react-native-slider (from `../node_modules/@react-native-community/slider`)"
  - React-NativeModulesApple (from `../node_modules/react-native/ReactCommon/react/nativemodule/core/platform/ios`)
  - React-perflogger (from `../node_modules/react-native/ReactCommon/reactperflogger`)
  - React-RCTActionSheet (from `../node_modules/react-native/Libraries/ActionSheetIOS`)
  - React-RCTAnimation (from `../node_modules/react-native/Libraries/NativeAnimation`)
  - React-RCTAppDelegate (from `../node_modules/react-native/Libraries/AppDelegate`)
  - React-RCTBlob (from `../node_modules/react-native/Libraries/Blob`)
  - React-RCTImage (from `../node_modules/react-native/Libraries/Image`)
  - React-RCTLinking (from `../node_modules/react-native/Libraries/LinkingIOS`)
  - React-RCTNetwork (from `../node_modules/react-native/Libraries/Network`)
  - React-RCTSettings (from `../node_modules/react-native/Libraries/Settings`)
  - React-RCTText (from `../node_modules/react-native/Libraries/Text`)
  - React-RCTVibration (from `../node_modules/react-native/Libraries/Vibration`)
  - React-rncore (from `../node_modules/react-native/ReactCommon`)
  - React-runtimeexecutor (from `../node_modules/react-native/ReactCommon/runtimeexecutor`)
  - React-runtimescheduler (from `../node_modules/react-native/ReactCommon/react/renderer/runtimescheduler`)
  - React-utils (from `../node_modules/react-native/ReactCommon/react/utils`)
  - ReactCommon/turbomodule/core (from `../node_modules/react-native/ReactCommon`)
  - ReactNativeExceptionHandler (from `../node_modules/react-native-exception-handler`)
  - "RNCAsyncStorage (from `../node_modules/@react-native-async-storage/async-storage`)"
  - "RNDateTimePicker (from `../node_modules/@react-native-community/datetimepicker`)"
  - RNDeviceInfo (from `../node_modules/react-native-device-info`)
  - "RNFBApp (from `../node_modules/@react-native-firebase/app`)"
  - "RNFBMessaging (from `../node_modules/@react-native-firebase/messaging`)"
  - RNGestureHandler (from `../node_modules/react-native-gesture-handler`)
  - RNImageCropPicker (from `../node_modules/react-native-image-crop-picker`)
  - RNReanimated (from `../node_modules/react-native-reanimated`)
  - RNScreens (from `../node_modules/react-native-screens`)
  - RNSVG (from `../node_modules/react-native-svg`)
  - Yoga (from `../node_modules/react-native/ReactCommon/yoga`)

SPEC REPOS:
  trunk:
    - Firebase
    - FirebaseCore
    - FirebaseCoreExtension
    - FirebaseCoreInternal
    - FirebaseInstallations
    - FirebaseMessaging
    - fmt
    - GoogleDataTransport
    - GoogleUtilities
    - libevent
    - nanopb
    - PromisesObjC
    - SocketRocket
    - TOCropViewController

EXTERNAL SOURCES:
  boost:
    :podspec: "../node_modules/react-native/third-party-podspecs/boost.podspec"
  DoubleConversion:
    :podspec: "../node_modules/react-native/third-party-podspecs/DoubleConversion.podspec"
  FBLazyVector:
    :path: "../node_modules/react-native/Libraries/FBLazyVector"
  FBReactNativeSpec:
    :path: "../node_modules/react-native/React/FBReactNativeSpec"
  glog:
    :podspec: "../node_modules/react-native/third-party-podspecs/glog.podspec"
  hermes-engine:
    :podspec: "../node_modules/react-native/sdks/hermes-engine/hermes-engine.podspec"
    :tag: hermes-2023-08-07-RNv0.72.4-813b2def12bc9df02654b3e3653ae4a68d0572e0
  RCT-Folly:
    :podspec: "../node_modules/react-native/third-party-podspecs/RCT-Folly.podspec"
  RCTRequired:
    :path: "../node_modules/react-native/Libraries/RCTRequired"
  RCTTypeSafety:
    :path: "../node_modules/react-native/Libraries/TypeSafety"
  React:
    :path: "../node_modules/react-native/"
  React-callinvoker:
    :path: "../node_modules/react-native/ReactCommon/callinvoker"
  React-Codegen:
    :path: build/generated/ios
  React-Core:
    :path: "../node_modules/react-native/"
  React-CoreModules:
    :path: "../node_modules/react-native/React/CoreModules"
  React-cxxreact:
    :path: "../node_modules/react-native/ReactCommon/cxxreact"
  React-debug:
    :path: "../node_modules/react-native/ReactCommon/react/debug"
  React-hermes:
    :path: "../node_modules/react-native/ReactCommon/hermes"
  React-jsi:
    :path: "../node_modules/react-native/ReactCommon/jsi"
  React-jsiexecutor:
    :path: "../node_modules/react-native/ReactCommon/jsiexecutor"
  React-jsinspector:
    :path: "../node_modules/react-native/ReactCommon/jsinspector"
  React-logger:
    :path: "../node_modules/react-native/ReactCommon/logger"
  react-native-netinfo:
    :path: "../node_modules/@react-native-community/netinfo"
  react-native-safe-area-context:
    :path: "../node_modules/react-native-safe-area-context"
  react-native-slider:
    :path: "../node_modules/@react-native-community/slider"
  React-NativeModulesApple:
    :path: "../node_modules/react-native/ReactCommon/react/nativemodule/core/platform/ios"
  React-perflogger:
    :path: "../node_modules/react-native/ReactCommon/reactperflogger"
  React-RCTActionSheet:
    :path: "../node_modules/react-native/Libraries/ActionSheetIOS"
  React-RCTAnimation:
    :path: "../node_modules/react-native/Libraries/NativeAnimation"
  React-RCTAppDelegate:
    :path: "../node_modules/react-native/Libraries/AppDelegate"
  React-RCTBlob:
    :path: "../node_modules/react-native/Libraries/Blob"
  React-RCTImage:
    :path: "../node_modules/react-native/Libraries/Image"
  React-RCTLinking:
    :path: "../node_modules/react-native/Libraries/LinkingIOS"
  React-RCTNetwork:
    :path: "../node_modules/react-native/Libraries/Network"
  React-RCTSettings:
    :path: "../node_modules/react-native/Libraries/Settings"
  React-RCTText:
    :path: "../node_modules/react-native/Libraries/Text"
  React-RCTVibration:
    :path: "../node_modules/react-native/Libraries/Vibration"
  React-rncore:
    :path: "../node_modules/react-native/ReactCommon"
  React-runtimeexecutor:
    :path: "../node_modules/react-native/ReactCommon/runtimeexecutor"
  React-runtimescheduler:
    :path: "../node_modules/react-native/ReactCommon/react/renderer/runtimescheduler"
  React-utils:
    :path: "../node_modules/react-native/ReactCommon/react/utils"
  ReactCommon:
    :path: "../node_modules/react-native/ReactCommon"
  ReactNativeExceptionHandler:
    :path: "../node_modules/react-native-exception-handler"
  RNCAsyncStorage:
    :path: "../node_modules/@react-native-async-storage/async-storage"
  RNDateTimePicker:
    :path: "../node_modules/@react-native-community/datetimepicker"
  RNDeviceInfo:
    :path: "../node_modules/react-native-device-info"
  RNFBApp:
    :path: "../node_modules/@react-native-firebase/app"
  RNFBMessaging:
    :path: "../node_modules/@react-native-firebase/messaging"
  RNGestureHandler:
    :path: "../node_modules/react-native-gesture-handler"
  RNImageCropPicker:
    :path: "../node_modules/react-native-image-crop-picker"
  RNReanimated:
    :path: "../node_modules/react-native-reanimated"
  RNScreens:
    :path: "../node_modules/react-native-screens"
  RNSVG:
    :path: "../node_modules/react-native-svg"
  Yoga:
    :path: "../node_modules/react-native/ReactCommon/yoga"

SPEC CHECKSUMS:
  boost: 57d2868c099736d80fcd648bf211b4431e51a558
  DoubleConversion: 5189b271737e1565bdce30deb4a08d647e3f5f54
  FBLazyVector: 5d4a3b7f411219a45a6d952f77d2c0a6c9989da5
  FBReactNativeSpec: 3fc2d478e1c4b08276f9dd9128f80ec6d5d85c1f
  Firebase: 0219acf760880eeec8ce479895bd7767466d9f81
  FirebaseCore: e317665b9d744727a97e623edbbed009320afdd7
  FirebaseCoreExtension: f17247ba8c61e4d3c8d136b5e2de3cb4ac6a85b6
  FirebaseCoreInternal: 950500ad8a08963657f6d8c67b579740c06d6aa1
  FirebaseInstallations: 7b99ef103f013624444c614397038219c45f8e63
  FirebaseMessaging: ac9062bcc35ed56e15a0241d8fd317022499baf8
  fmt: ff9d55029c625d3757ed641535fd4a75fedc7ce9
  glog: 04b94705f318337d7ead9e6d17c019bd9b1f6b1b
  GoogleDataTransport: f0308f5905a745f94fb91fea9c6cbaf3831cb1bd
  GoogleUtilities: c63691989bf362ba0505507da00eeb326192e83e
  hermes-engine: 81191603c4eaa01f5e4ae5737a9efcf64756c7b2
  libevent: 4049cae6c81cdb3654a443be001fb9bdceff7913
  nanopb: b552cce312b6c8484180ef47159bc0f65a1f0431
  PromisesObjC: c50d2056b5253dadbd6c2bea79b0674bd5a52fa4
  RCT-Folly: 424b8c9a7a0b9ab2886ffe9c3b041ef628fd4fb1
  RCTRequired: c0569ecc035894e4a68baecb30fe6a7ea6e399f9
  RCTTypeSafety: e90354072c21236e0bcf1699011e39acd25fea2f
  React: a1be3c6dc0a6e949ccd3e659781aa47bbae1868f
  React-callinvoker: 1020b33f6cb1a1824f9ca2a86609fbce2a73c6ed
  React-Codegen: d3cabb5a8b9de7b0fc5928c0cf478e73a178d728
  React-Core: 34da8c952844e21f5a69bf46438fb6bf063900d0
  React-CoreModules: 621243df8863055ff30f3bb2ff71573ffa7b16c8
  React-cxxreact: 4ad1cc861e32fb533dad6ff7a4ea25680fa1c994
  React-debug: d257c4c2892269e1659575dabc6bd06b057f6382
  React-hermes: 37377d0a56aa0cf55c65248271866ce3268cde3f
  React-jsi: 6de8b0ccc6b765b58e4eee9ee38049dbeaf5c221
  React-jsiexecutor: c7f826e40fa9cab5d37cab6130b1af237332b594
  React-jsinspector: aaed4cf551c4a1c98092436518c2d267b13a673f
  React-logger: da1ebe05ae06eb6db4b162202faeafac4b435e77
  react-native-netinfo: 2517ad504b3d303e90d7a431b0fcaef76d207983
  react-native-safe-area-context: f5549f36508b1b7497434baa0cd97d7e470920d4
  react-native-slider: 33b8d190b59d4f67a541061bb91775d53d617d9d
  React-NativeModulesApple: d5b6b0b8dfbb52b11eca02c58fc1a22a9e4ad3e7
  React-perflogger: 496a1a3dc6737f964107cb3ddae7f9e265ddda58
  React-RCTActionSheet: 02904b932b50e680f4e26e7a686b33ebf7ef3c00
  React-RCTAnimation: e44fe5053708c5be762943087c78dc5a6a3c645c
  React-RCTAppDelegate: 75566e142d0c325f603790943a38f0e297bcbab3
  React-RCTBlob: 5577c3542fafbd9241f505bda541f6762996b0eb
  React-RCTImage: f48859ae6a1e5c2c8659f860efdfcb8b0cb60cde
  React-RCTLinking: 9b145f380c6b5910e3219bef73e1d7024381ad54
  React-RCTNetwork: 179f50a80c01fa7d6a515552a24ad2e294f341a1
  React-RCTSettings: cdc9f538f0f8e72e6f3de7c971fb4fb2f49caff9
  React-RCTText: 9b9f5589d9b649d7246c3f336e116496df28cfe6
  React-RCTVibration: 35eec7201c8ffdaccdd908a5ec874b7055f975f3
  React-rncore: 46133d523155fc84572338bd6a7c461c1d873efc
  React-runtimeexecutor: d465ba0c47ef3ed8281143f59605cacc2244d5c7
  React-runtimescheduler: 6f6ea8eab44ca88d92a1cc8964e39c4098286bdc
  React-utils: 30e47472d26c9a983397c51f5cd7393857ce2f37
  ReactCommon: f6850565e07e293aa604e1029bb8cb89e7de3038
  ReactNativeExceptionHandler: b11ff67c78802b2f62eed0e10e75cb1ef7947c60
  RNCAsyncStorage: c913ede1fa163a71cea118ed4670bbaaa4b511bb
  RNDateTimePicker: 0530a73a6f3a1a85814cbde0802736993b9e675e
  RNDeviceInfo: 749f2e049dcd79e2e44f134f66b73a06951b5066
  RNFBApp: d59efa0872fff4e27de03cca3c528c203a436ae5
  RNFBMessaging: 216693dd5ba4f18ba65fb39fc73a44a23c26190f
  RNGestureHandler: 071d7a9ad81e8b83fe7663b303d132406a7d8f39
  RNImageCropPicker: 648356d68fbf9911a1016b3e3723885d28373eda
  RNReanimated: 726395a2fa2f04cea340274ba57a4e659bc0d9c1
  RNScreens: 34cc502acf1b916c582c60003dc3089fa01dc66d
  RNSVG: c1e76b81c76cdcd34b4e1188852892dc280eb902
  SocketRocket: f32cd54efbe0f095c4d7594881e52619cfe80b17
  TOCropViewController: edfd4f25713d56905ad1e0b9f5be3fbe0f59c863
  Yoga: 3efc43e0d48686ce2e8c60f99d4e6bd349aff981

PODFILE CHECKSUM: 6ec6879ce5cd79956e658c1cc729d5dfe01e4289

COCOAPODS: 1.11.3
